{
  "version": 1,
  "dependencies": {
    "net9.0": {
      "DotNet.ReproducibleBuilds": {
        "type": "Direct",
        "requested": "[1.2.25, )",
        "resolved": "1.2.25",
        "contentHash": "xCXiw7BCxHJ8pF6wPepRUddlh2dlQlbr81gXA72hdk4FLHkKXas7EH/n+fk5UCA/YfMqG1Z6XaPiUjDbUNBUzg=="
      },
      "MinVer": {
        "type": "Direct",
        "requested": "[6.0.0, )",
        "resolved": "6.0.0",
        "contentHash": "+/SsmiySsXJlvQLCGBqaZKNVt3s/Y/HbAdwtop7Km2CnuZbaScoqkWJEBQ5Cy9ebkn6kCYKrHsXgwrFdTgcb3g=="
      },
      "Octokit": {
        "type": "Direct",
        "requested": "[14.0.0, )",
        "resolved": "14.0.0",
        "contentHash": "jGOuTH1l+TCpJH+fwYOp7USzHDuGfN1jKbLz3J2COwyn+wL08eynvpnM6rY2qkzIEXum3PN2p2QkP3BW/p9Qcw=="
      },
      "Octokit.GraphQL": {
        "type": "Direct",
        "requested": "[0.3.0-beta, )",
        "resolved": "0.3.0-beta",
        "contentHash": "UfdP4Cb/dA8kziz5elYpK3aCDw7lpenL9j8LqnkLqs6GuB3Nl3/RCuntCfaFQq39q+eat23fMUJwf7iEWQjHHg==",
        "dependencies": {
          "Newtonsoft.Json": "13.0.1"
        }
      },
      "Polly": {
        "type": "Direct",
        "requested": "[8.6.1, )",
        "resolved": "8.6.1",
        "contentHash": "UMYpEiKPQhbiQY1NXKL0hssUMETjuv7RGZx2VlcrlaIL7bIs2vs7iBfH2gblcR5Q7ockW3Kc78uTY6kK/ZeYgg==",
        "dependencies": {
          "Polly.Core": "8.6.1"
        }
      },
      "Scriban": {
        "type": "Direct",
        "requested": "[6.2.1, )",
        "resolved": "6.2.1",
        "contentHash": "jauX7gvreKvlD1+tkQ9D1i0kNg2p3P1ZqkDftJeTB7JAF7zKtafpyKTtr3m5Kr6d4GYw0CDfRcm2P07/efwdqQ=="
      },
      "Newtonsoft.Json": {
        "type": "Transitive",
        "resolved": "13.0.1",
        "contentHash": "ppPFpBcvxdsfUonNcvITKqLl3bqxWbDCZIzDWHzjpdAHRFfZe0Dw9HmA0+za13IdyrgJwpkDTDA9fHaxOrt20A=="
      },
      "Polly.Core": {
        "type": "Transitive",
        "resolved": "8.6.1",
        "contentHash": "HvkxFqEGk0NiLHYBescE/AnVu6W+ZqE0S7JkdXhvnJ2P2zRh8OPMDrFIjXPiIWugWIoxVeBHt45a6Cr61+asXw=="
      }
    }
  }
}