{
  "version": 1,
  "dependencies": {
    "net8.0": {
      "DotNet.ReproducibleBuilds": {
        "type": "Direct",
        "requested": "[1.2.4, )",
        "resolved": "1.2.4",
        "contentHash": "Ch9U74tQA2fQH+U0hcYH7WyIFUfAq7jrjgSHVu2FAcYiMBtbrCMyq2nGA/ZZnB2jSaUeOOYiCjxeaDVB7Ssbdw=="
      },
      "MinVer": {
        "type": "Direct",
        "requested": "[5.0.0, )",
        "resolved": "5.0.0",
        "contentHash": "ybkgpQMtt0Fo91l5rYtE3TZtD+Nmy5Ko091xvfXXOosQdMi30XO2EZ2+ShZt89gdu7RMmJqZaJ+e1q6d+6+KNw=="
      },
      "Octokit": {
        "type": "Direct",
        "requested": "[13.0.0, )",
        "resolved": "13.0.0",
        "contentHash": "EgDott7VovDqbVoiJioWQG/ut/dgfEss7ZJigNAzh4HfG6FHs66IWhKoqZEOVKoei6+0rx0tD76WkyzCjN7dPg=="
      },
      "Octokit.GraphQL": {
        "type": "Direct",
        "requested": "[0.3.0-beta, )",
        "resolved": "0.3.0-beta",
        "contentHash": "UfdP4Cb/dA8kziz5elYpK3aCDw7lpenL9j8LqnkLqs6GuB3Nl3/RCuntCfaFQq39q+eat23fMUJwf7iEWQjHHg==",
        "dependencies": {
          "Newtonsoft.Json": "13.0.1"
        }
      },
      "Polly": {
        "type": "Direct",
        "requested": "[8.4.1, )",
        "resolved": "8.4.1",
        "contentHash": "kBxql53peR0bjxeEuuY114GD2rmC0tkUwE1xuKUlnd74ULEsGu3OwcLH56KkwxBPUbOysPa7stT9SJ6pKGTzlg==",
        "dependencies": {
          "Polly.Core": "8.4.1"
        }
      },
      "Scriban": {
        "type": "Direct",
        "requested": "[5.10.0, )",
        "resolved": "5.10.0",
        "contentHash": "qk2W8wQpm7mykWrEi9fhjC7uVapT2bkweMuMqebrF7gaVMt0WjmZzyVVTpom5cUsc3ddMDpo95SkNcTWGo+L6Q=="
      },
      "Newtonsoft.Json": {
        "type": "Transitive",
        "resolved": "13.0.1",
        "contentHash": "ppPFpBcvxdsfUonNcvITKqLl3bqxWbDCZIzDWHzjpdAHRFfZe0Dw9HmA0+za13IdyrgJwpkDTDA9fHaxOrt20A=="
      },
      "Polly.Core": {
        "type": "Transitive",
        "resolved": "8.4.1",
        "contentHash": "bg4kE7mFwXc6FJ8NLknTgVgLAMlbToWC7vpdqAITv8lPzKpp9v7aWJPc04GRoZQaJhVY/tdr8K2/VW2aTmaA1Q=="
      }
    }
  }
}